
Microsoft Visual Studio Solution File, Format Version 12.00
# Visual Studio Version 16
VisualStudioVersion = 16.0.31515.178
MinimumVisualStudioVersion = 10.0.40219.1
Project("{FAE04EC0-301F-11D3-BF4B-00C04F79EFBC}") = "TMP_SeaBattle", "TMP_SeaBattle\TMP_SeaBattle.csproj", "{D073F67A-49C6-4ECF-B47C-8F8877D33754}"
EndProject
Global
	GlobalSection(SolutionConfigurationPlatforms) = preSolution
		Debug|Any CPU = Debug|Any CPU
		Release|Any CPU = Release|Any CPU
	EndGlobalSection
	GlobalSection(ProjectConfigurationPlatforms) = postSolution
		{D073F67A-49C6-4ECF-B47C-8F8877D33754}.Debug|Any CPU.ActiveCfg = Debug|Any CPU
		{D073F67A-49C6-4ECF-B47C-8F8877D33754}.Debug|Any CPU.Build.0 = Debug|Any CPU
		{D073F67A-49C6-4ECF-B47C-8F8877D33754}.Release|Any CPU.ActiveCfg = Release|Any CPU
		{D073F67A-49C6-4ECF-B47C-8F8877D33754}.Release|Any CPU.Build.0 = Release|Any CPU
	EndGlobalSection
	GlobalSection(SolutionProperties) = preSolution
		HideSolutionNode = FALSE
	EndGlobalSection
	GlobalSection(ExtensibilityGlobals) = postSolution
		SolutionGuid = {BC02411E-7E62-4D73-9042-D87AC26F4E11}
	EndGlobalSection
EndGlobal
